
Microsoft Visual Studio Solution File, Format Version 12.00
# Visual Studio Version 16
VisualStudioVersion = 16.0.29521.150
MinimumVisualStudioVersion = 10.0.40219.1
Project("{FAE04EC0-301F-11D3-BF4B-00C04F79EFBC}") = "AbstractFactory", "AbstractFactory\AbstractFactory.csproj", "{C0964B95-C355-4E02-ABF7-35E02D9FC77D}"
EndProject
Project("{2150E333-8FDC-42A3-9474-1A3956D46DE8}") = "Createurs", "Createurs", "{339C323E-5C10-4FD3-8AD9-2D1C71E4D76E}"
EndProject
Project("{2150E333-8FDC-42A3-9474-1A3956D46DE8}") = "Structuraux", "Structuraux", "{F49DC5E0-D427-4272-AB82-7A35A91C1C49}"
EndProject
Project("{2150E333-8FDC-42A3-9474-1A3956D46DE8}") = "Comportementaux", "Comportementaux", "{69949FDA-5676-4587-BDCF-5E465131EF03}"
EndProject
Project("{FAE04EC0-301F-11D3-BF4B-00C04F79EFBC}") = "Builder", "Builder\Builder.csproj", "{86BD4177-C265-45A5-A0E3-EFE20095D834}"
EndProject
Project("{FAE04EC0-301F-11D3-BF4B-00C04F79EFBC}") = "FactoryMethod", "FactoryMethod\FactoryMethod.csproj", "{4A278514-349B-448A-9799-E3700D264C96}"
EndProject
Project("{FAE04EC0-301F-11D3-BF4B-00C04F79EFBC}") = "Prototype", "Prototype\Prototype.csproj", "{3C575212-9013-4D7B-BC64-A0F0B2FE2A94}"
EndProject
Project("{FAE04EC0-301F-11D3-BF4B-00C04F79EFBC}") = "Singleton_NonThreadSafe", "Singleton\Singleton_NonThreadSafe.csproj", "{DA8BE722-0E8F-45E0-8FD1-78A6D513BCB5}"
EndProject
Project("{FAE04EC0-301F-11D3-BF4B-00C04F79EFBC}") = "Adapter", "Adapter\Adapter.csproj", "{FE30CA28-8987-4EA3-B85F-4EAB0FA26152}"
EndProject
Project("{FAE04EC0-301F-11D3-BF4B-00C04F79EFBC}") = "Bridge", "Bridge\Bridge.csproj", "{2D418192-0C43-4FEA-83E4-860FDCBCD7C4}"
EndProject
Project("{FAE04EC0-301F-11D3-BF4B-00C04F79EFBC}") = "Composite", "Composite\Composite.csproj", "{63EBFF12-AFA3-46EE-B6B7-C0A6ED460009}"
EndProject
Project("{FAE04EC0-301F-11D3-BF4B-00C04F79EFBC}") = "Decorator", "Decorator\Decorator.csproj", "{C694687C-AC87-49EC-9345-556BB56CAF5D}"
EndProject
Project("{FAE04EC0-301F-11D3-BF4B-00C04F79EFBC}") = "Facade", "Facade\Facade.csproj", "{0955E647-C0A1-4884-BEC2-AD0C7D1D1D9E}"
EndProject
Project("{FAE04EC0-301F-11D3-BF4B-00C04F79EFBC}") = "Flyweight", "Flyweight\Flyweight.csproj", "{4E0EEF0F-6E2C-4CD2-9DC0-9F4E067C6977}"
EndProject
Project("{FAE04EC0-301F-11D3-BF4B-00C04F79EFBC}") = "Proxy", "Proxy\Proxy.csproj", "{CDD6A4AC-8586-4A32-9B68-68C7C0BECD8B}"
EndProject
Project("{FAE04EC0-301F-11D3-BF4B-00C04F79EFBC}") = "ChainOfResp", "ChainOfResp\ChainOfResp.csproj", "{AEFD4D86-747F-49B6-BF35-CDA0F340322D}"
EndProject
Project("{FAE04EC0-301F-11D3-BF4B-00C04F79EFBC}") = "Command", "Command\Command.csproj", "{4F05ECA0-938E-41DE-A969-A17F2E51DF94}"
EndProject
Project("{FAE04EC0-301F-11D3-BF4B-00C04F79EFBC}") = "Interpreter", "Interpreter\Interpreter.csproj", "{17D578C2-B8BF-444D-9705-5319DC2A49FC}"
EndProject
Project("{FAE04EC0-301F-11D3-BF4B-00C04F79EFBC}") = "Iterator", "Iterator\Iterator.csproj", "{1664BB4C-8009-4DA2-A576-C04D5F2A480D}"
EndProject
Project("{FAE04EC0-301F-11D3-BF4B-00C04F79EFBC}") = "Mediator", "Mediator\Mediator.csproj", "{AFEB930E-3000-47FB-B344-47625A308C94}"
EndProject
Project("{FAE04EC0-301F-11D3-BF4B-00C04F79EFBC}") = "Memento", "Memento\Memento.csproj", "{E6D56BA9-8A0C-4024-AB77-8EC75DCBB3A1}"
EndProject
Project("{FAE04EC0-301F-11D3-BF4B-00C04F79EFBC}") = "Observer", "Observer\Observer.csproj", "{B0269095-5D53-4E58-92A9-FDD06766F466}"
EndProject
Project("{FAE04EC0-301F-11D3-BF4B-00C04F79EFBC}") = "State", "State\State.csproj", "{C60B4D35-82C8-49F1-80E4-23333F904690}"
EndProject
Project("{FAE04EC0-301F-11D3-BF4B-00C04F79EFBC}") = "Strategy", "Strategy\Strategy.csproj", "{94965724-F569-4CF5-9181-CE56F6ED3B16}"
EndProject
Project("{FAE04EC0-301F-11D3-BF4B-00C04F79EFBC}") = "TemplateMethod", "TemplateMethod\TemplateMethod.csproj", "{42F5F6CE-A592-49EA-B0FA-10FD6B3918CA}"
EndProject
Project("{FAE04EC0-301F-11D3-BF4B-00C04F79EFBC}") = "Visitor", "Visitor\Visitor.csproj", "{4D7D0A91-9B7E-48A8-83AE-A820AA242C23}"
EndProject
Project("{2150E333-8FDC-42A3-9474-1A3956D46DE8}") = "MultipleSingletonPatern", "MultipleSingletonPatern", "{9B48FE57-915F-4933-9162-C317804CE538}"
EndProject
Project("{FAE04EC0-301F-11D3-BF4B-00C04F79EFBC}") = "Singleton_SimpleThreadSafety", "Singleton_SimpleThreadSafety\Singleton_SimpleThreadSafety.csproj", "{994F9D9C-2199-47EE-943D-D20FB4B7545B}"
EndProject
Project("{FAE04EC0-301F-11D3-BF4B-00C04F79EFBC}") = "Singleton_TenterThreadSafetyDoubleLock", "Singleton_TenterThreadSafetyDoubleLock\Singleton_TenterThreadSafetyDoubleLock.csproj", "{075C6CF2-E5C4-4326-95C9-F9C0A4214EE7}"
EndProject
Global
	GlobalSection(SolutionConfigurationPlatforms) = preSolution
		Debug|Any CPU = Debug|Any CPU
		Release|Any CPU = Release|Any CPU
	EndGlobalSection
	GlobalSection(ProjectConfigurationPlatforms) = postSolution
		{C0964B95-C355-4E02-ABF7-35E02D9FC77D}.Debug|Any CPU.ActiveCfg = Debug|Any CPU
		{C0964B95-C355-4E02-ABF7-35E02D9FC77D}.Debug|Any CPU.Build.0 = Debug|Any CPU
		{C0964B95-C355-4E02-ABF7-35E02D9FC77D}.Release|Any CPU.ActiveCfg = Release|Any CPU
		{C0964B95-C355-4E02-ABF7-35E02D9FC77D}.Release|Any CPU.Build.0 = Release|Any CPU
		{86BD4177-C265-45A5-A0E3-EFE20095D834}.Debug|Any CPU.ActiveCfg = Debug|Any CPU
		{86BD4177-C265-45A5-A0E3-EFE20095D834}.Debug|Any CPU.Build.0 = Debug|Any CPU
		{86BD4177-C265-45A5-A0E3-EFE20095D834}.Release|Any CPU.ActiveCfg = Release|Any CPU
		{86BD4177-C265-45A5-A0E3-EFE20095D834}.Release|Any CPU.Build.0 = Release|Any CPU
		{4A278514-349B-448A-9799-E3700D264C96}.Debug|Any CPU.ActiveCfg = Debug|Any CPU
		{4A278514-349B-448A-9799-E3700D264C96}.Debug|Any CPU.Build.0 = Debug|Any CPU
		{4A278514-349B-448A-9799-E3700D264C96}.Release|Any CPU.ActiveCfg = Release|Any CPU
		{4A278514-349B-448A-9799-E3700D264C96}.Release|Any CPU.Build.0 = Release|Any CPU
		{3C575212-9013-4D7B-BC64-A0F0B2FE2A94}.Debug|Any CPU.ActiveCfg = Debug|Any CPU
		{3C575212-9013-4D7B-BC64-A0F0B2FE2A94}.Debug|Any CPU.Build.0 = Debug|Any CPU
		{3C575212-9013-4D7B-BC64-A0F0B2FE2A94}.Release|Any CPU.ActiveCfg = Release|Any CPU
		{3C575212-9013-4D7B-BC64-A0F0B2FE2A94}.Release|Any CPU.Build.0 = Release|Any CPU
		{DA8BE722-0E8F-45E0-8FD1-78A6D513BCB5}.Debug|Any CPU.ActiveCfg = Debug|Any CPU
		{DA8BE722-0E8F-45E0-8FD1-78A6D513BCB5}.Debug|Any CPU.Build.0 = Debug|Any CPU
		{DA8BE722-0E8F-45E0-8FD1-78A6D513BCB5}.Release|Any CPU.ActiveCfg = Release|Any CPU
		{DA8BE722-0E8F-45E0-8FD1-78A6D513BCB5}.Release|Any CPU.Build.0 = Release|Any CPU
		{FE30CA28-8987-4EA3-B85F-4EAB0FA26152}.Debug|Any CPU.ActiveCfg = Debug|Any CPU
		{FE30CA28-8987-4EA3-B85F-4EAB0FA26152}.Debug|Any CPU.Build.0 = Debug|Any CPU
		{FE30CA28-8987-4EA3-B85F-4EAB0FA26152}.Release|Any CPU.ActiveCfg = Release|Any CPU
		{FE30CA28-8987-4EA3-B85F-4EAB0FA26152}.Release|Any CPU.Build.0 = Release|Any CPU
		{2D418192-0C43-4FEA-83E4-860FDCBCD7C4}.Debug|Any CPU.ActiveCfg = Debug|Any CPU
		{2D418192-0C43-4FEA-83E4-860FDCBCD7C4}.Debug|Any CPU.Build.0 = Debug|Any CPU
		{2D418192-0C43-4FEA-83E4-860FDCBCD7C4}.Release|Any CPU.ActiveCfg = Release|Any CPU
		{2D418192-0C43-4FEA-83E4-860FDCBCD7C4}.Release|Any CPU.Build.0 = Release|Any CPU
		{63EBFF12-AFA3-46EE-B6B7-C0A6ED460009}.Debug|Any CPU.ActiveCfg = Debug|Any CPU
		{63EBFF12-AFA3-46EE-B6B7-C0A6ED460009}.Debug|Any CPU.Build.0 = Debug|Any CPU
		{63EBFF12-AFA3-46EE-B6B7-C0A6ED460009}.Release|Any CPU.ActiveCfg = Release|Any CPU
		{63EBFF12-AFA3-46EE-B6B7-C0A6ED460009}.Release|Any CPU.Build.0 = Release|Any CPU
		{C694687C-AC87-49EC-9345-556BB56CAF5D}.Debug|Any CPU.ActiveCfg = Debug|Any CPU
		{C694687C-AC87-49EC-9345-556BB56CAF5D}.Debug|Any CPU.Build.0 = Debug|Any CPU
		{C694687C-AC87-49EC-9345-556BB56CAF5D}.Release|Any CPU.ActiveCfg = Release|Any CPU
		{C694687C-AC87-49EC-9345-556BB56CAF5D}.Release|Any CPU.Build.0 = Release|Any CPU
		{0955E647-C0A1-4884-BEC2-AD0C7D1D1D9E}.Debug|Any CPU.ActiveCfg = Debug|Any CPU
		{0955E647-C0A1-4884-BEC2-AD0C7D1D1D9E}.Debug|Any CPU.Build.0 = Debug|Any CPU
		{0955E647-C0A1-4884-BEC2-AD0C7D1D1D9E}.Release|Any CPU.ActiveCfg = Release|Any CPU
		{0955E647-C0A1-4884-BEC2-AD0C7D1D1D9E}.Release|Any CPU.Build.0 = Release|Any CPU
		{4E0EEF0F-6E2C-4CD2-9DC0-9F4E067C6977}.Debug|Any CPU.ActiveCfg = Debug|Any CPU
		{4E0EEF0F-6E2C-4CD2-9DC0-9F4E067C6977}.Debug|Any CPU.Build.0 = Debug|Any CPU
		{4E0EEF0F-6E2C-4CD2-9DC0-9F4E067C6977}.Release|Any CPU.ActiveCfg = Release|Any CPU
		{4E0EEF0F-6E2C-4CD2-9DC0-9F4E067C6977}.Release|Any CPU.Build.0 = Release|Any CPU
		{CDD6A4AC-8586-4A32-9B68-68C7C0BECD8B}.Debug|Any CPU.ActiveCfg = Debug|Any CPU
		{CDD6A4AC-8586-4A32-9B68-68C7C0BECD8B}.Debug|Any CPU.Build.0 = Debug|Any CPU
		{CDD6A4AC-8586-4A32-9B68-68C7C0BECD8B}.Release|Any CPU.ActiveCfg = Release|Any CPU
		{CDD6A4AC-8586-4A32-9B68-68C7C0BECD8B}.Release|Any CPU.Build.0 = Release|Any CPU
		{AEFD4D86-747F-49B6-BF35-CDA0F340322D}.Debug|Any CPU.ActiveCfg = Debug|Any CPU
		{AEFD4D86-747F-49B6-BF35-CDA0F340322D}.Debug|Any CPU.Build.0 = Debug|Any CPU
		{AEFD4D86-747F-49B6-BF35-CDA0F340322D}.Release|Any CPU.ActiveCfg = Release|Any CPU
		{AEFD4D86-747F-49B6-BF35-CDA0F340322D}.Release|Any CPU.Build.0 = Release|Any CPU
		{4F05ECA0-938E-41DE-A969-A17F2E51DF94}.Debug|Any CPU.ActiveCfg = Debug|Any CPU
		{4F05ECA0-938E-41DE-A969-A17F2E51DF94}.Debug|Any CPU.Build.0 = Debug|Any CPU
		{4F05ECA0-938E-41DE-A969-A17F2E51DF94}.Release|Any CPU.ActiveCfg = Release|Any CPU
		{4F05ECA0-938E-41DE-A969-A17F2E51DF94}.Release|Any CPU.Build.0 = Release|Any CPU
		{17D578C2-B8BF-444D-9705-5319DC2A49FC}.Debug|Any CPU.ActiveCfg = Debug|Any CPU
		{17D578C2-B8BF-444D-9705-5319DC2A49FC}.Debug|Any CPU.Build.0 = Debug|Any CPU
		{17D578C2-B8BF-444D-9705-5319DC2A49FC}.Release|Any CPU.ActiveCfg = Release|Any CPU
		{17D578C2-B8BF-444D-9705-5319DC2A49FC}.Release|Any CPU.Build.0 = Release|Any CPU
		{1664BB4C-8009-4DA2-A576-C04D5F2A480D}.Debug|Any CPU.ActiveCfg = Debug|Any CPU
		{1664BB4C-8009-4DA2-A576-C04D5F2A480D}.Debug|Any CPU.Build.0 = Debug|Any CPU
		{1664BB4C-8009-4DA2-A576-C04D5F2A480D}.Release|Any CPU.ActiveCfg = Release|Any CPU
		{1664BB4C-8009-4DA2-A576-C04D5F2A480D}.Release|Any CPU.Build.0 = Release|Any CPU
		{AFEB930E-3000-47FB-B344-47625A308C94}.Debug|Any CPU.ActiveCfg = Debug|Any CPU
		{AFEB930E-3000-47FB-B344-47625A308C94}.Debug|Any CPU.Build.0 = Debug|Any CPU
		{AFEB930E-3000-47FB-B344-47625A308C94}.Release|Any CPU.ActiveCfg = Release|Any CPU
		{AFEB930E-3000-47FB-B344-47625A308C94}.Release|Any CPU.Build.0 = Release|Any CPU
		{E6D56BA9-8A0C-4024-AB77-8EC75DCBB3A1}.Debug|Any CPU.ActiveCfg = Debug|Any CPU
		{E6D56BA9-8A0C-4024-AB77-8EC75DCBB3A1}.Debug|Any CPU.Build.0 = Debug|Any CPU
		{E6D56BA9-8A0C-4024-AB77-8EC75DCBB3A1}.Release|Any CPU.ActiveCfg = Release|Any CPU
		{E6D56BA9-8A0C-4024-AB77-8EC75DCBB3A1}.Release|Any CPU.Build.0 = Release|Any CPU
		{B0269095-5D53-4E58-92A9-FDD06766F466}.Debug|Any CPU.ActiveCfg = Debug|Any CPU
		{B0269095-5D53-4E58-92A9-FDD06766F466}.Debug|Any CPU.Build.0 = Debug|Any CPU
		{B0269095-5D53-4E58-92A9-FDD06766F466}.Release|Any CPU.ActiveCfg = Release|Any CPU
		{B0269095-5D53-4E58-92A9-FDD06766F466}.Release|Any CPU.Build.0 = Release|Any CPU
		{C60B4D35-82C8-49F1-80E4-23333F904690}.Debug|Any CPU.ActiveCfg = Debug|Any CPU
		{C60B4D35-82C8-49F1-80E4-23333F904690}.Debug|Any CPU.Build.0 = Debug|Any CPU
		{C60B4D35-82C8-49F1-80E4-23333F904690}.Release|Any CPU.ActiveCfg = Release|Any CPU
		{C60B4D35-82C8-49F1-80E4-23333F904690}.Release|Any CPU.Build.0 = Release|Any CPU
		{94965724-F569-4CF5-9181-CE56F6ED3B16}.Debug|Any CPU.ActiveCfg = Debug|Any CPU
		{94965724-F569-4CF5-9181-CE56F6ED3B16}.Debug|Any CPU.Build.0 = Debug|Any CPU
		{94965724-F569-4CF5-9181-CE56F6ED3B16}.Release|Any CPU.ActiveCfg = Release|Any CPU
		{94965724-F569-4CF5-9181-CE56F6ED3B16}.Release|Any CPU.Build.0 = Release|Any CPU
		{42F5F6CE-A592-49EA-B0FA-10FD6B3918CA}.Debug|Any CPU.ActiveCfg = Debug|Any CPU
		{42F5F6CE-A592-49EA-B0FA-10FD6B3918CA}.Debug|Any CPU.Build.0 = Debug|Any CPU
		{42F5F6CE-A592-49EA-B0FA-10FD6B3918CA}.Release|Any CPU.ActiveCfg = Release|Any CPU
		{42F5F6CE-A592-49EA-B0FA-10FD6B3918CA}.Release|Any CPU.Build.0 = Release|Any CPU
		{4D7D0A91-9B7E-48A8-83AE-A820AA242C23}.Debug|Any CPU.ActiveCfg = Debug|Any CPU
		{4D7D0A91-9B7E-48A8-83AE-A820AA242C23}.Debug|Any CPU.Build.0 = Debug|Any CPU
		{4D7D0A91-9B7E-48A8-83AE-A820AA242C23}.Release|Any CPU.ActiveCfg = Release|Any CPU
		{4D7D0A91-9B7E-48A8-83AE-A820AA242C23}.Release|Any CPU.Build.0 = Release|Any CPU
		{994F9D9C-2199-47EE-943D-D20FB4B7545B}.Debug|Any CPU.ActiveCfg = Debug|Any CPU
		{994F9D9C-2199-47EE-943D-D20FB4B7545B}.Debug|Any CPU.Build.0 = Debug|Any CPU
		{994F9D9C-2199-47EE-943D-D20FB4B7545B}.Release|Any CPU.ActiveCfg = Release|Any CPU
		{994F9D9C-2199-47EE-943D-D20FB4B7545B}.Release|Any CPU.Build.0 = Release|Any CPU
		{075C6CF2-E5C4-4326-95C9-F9C0A4214EE7}.Debug|Any CPU.ActiveCfg = Debug|Any CPU
		{075C6CF2-E5C4-4326-95C9-F9C0A4214EE7}.Debug|Any CPU.Build.0 = Debug|Any CPU
		{075C6CF2-E5C4-4326-95C9-F9C0A4214EE7}.Release|Any CPU.ActiveCfg = Release|Any CPU
		{075C6CF2-E5C4-4326-95C9-F9C0A4214EE7}.Release|Any CPU.Build.0 = Release|Any CPU
	EndGlobalSection
	GlobalSection(SolutionProperties) = preSolution
		HideSolutionNode = FALSE
	EndGlobalSection
	GlobalSection(NestedProjects) = preSolution
		{C0964B95-C355-4E02-ABF7-35E02D9FC77D} = {339C323E-5C10-4FD3-8AD9-2D1C71E4D76E}
		{86BD4177-C265-45A5-A0E3-EFE20095D834} = {339C323E-5C10-4FD3-8AD9-2D1C71E4D76E}
		{4A278514-349B-448A-9799-E3700D264C96} = {339C323E-5C10-4FD3-8AD9-2D1C71E4D76E}
		{3C575212-9013-4D7B-BC64-A0F0B2FE2A94} = {339C323E-5C10-4FD3-8AD9-2D1C71E4D76E}
		{DA8BE722-0E8F-45E0-8FD1-78A6D513BCB5} = {9B48FE57-915F-4933-9162-C317804CE538}
		{FE30CA28-8987-4EA3-B85F-4EAB0FA26152} = {F49DC5E0-D427-4272-AB82-7A35A91C1C49}
		{2D418192-0C43-4FEA-83E4-860FDCBCD7C4} = {F49DC5E0-D427-4272-AB82-7A35A91C1C49}
		{63EBFF12-AFA3-46EE-B6B7-C0A6ED460009} = {F49DC5E0-D427-4272-AB82-7A35A91C1C49}
		{C694687C-AC87-49EC-9345-556BB56CAF5D} = {F49DC5E0-D427-4272-AB82-7A35A91C1C49}
		{0955E647-C0A1-4884-BEC2-AD0C7D1D1D9E} = {F49DC5E0-D427-4272-AB82-7A35A91C1C49}
		{4E0EEF0F-6E2C-4CD2-9DC0-9F4E067C6977} = {F49DC5E0-D427-4272-AB82-7A35A91C1C49}
		{CDD6A4AC-8586-4A32-9B68-68C7C0BECD8B} = {F49DC5E0-D427-4272-AB82-7A35A91C1C49}
		{AEFD4D86-747F-49B6-BF35-CDA0F340322D} = {69949FDA-5676-4587-BDCF-5E465131EF03}
		{4F05ECA0-938E-41DE-A969-A17F2E51DF94} = {69949FDA-5676-4587-BDCF-5E465131EF03}
		{17D578C2-B8BF-444D-9705-5319DC2A49FC} = {69949FDA-5676-4587-BDCF-5E465131EF03}
		{1664BB4C-8009-4DA2-A576-C04D5F2A480D} = {69949FDA-5676-4587-BDCF-5E465131EF03}
		{AFEB930E-3000-47FB-B344-47625A308C94} = {69949FDA-5676-4587-BDCF-5E465131EF03}
		{E6D56BA9-8A0C-4024-AB77-8EC75DCBB3A1} = {69949FDA-5676-4587-BDCF-5E465131EF03}
		{B0269095-5D53-4E58-92A9-FDD06766F466} = {69949FDA-5676-4587-BDCF-5E465131EF03}
		{C60B4D35-82C8-49F1-80E4-23333F904690} = {69949FDA-5676-4587-BDCF-5E465131EF03}
		{94965724-F569-4CF5-9181-CE56F6ED3B16} = {69949FDA-5676-4587-BDCF-5E465131EF03}
		{42F5F6CE-A592-49EA-B0FA-10FD6B3918CA} = {69949FDA-5676-4587-BDCF-5E465131EF03}
		{4D7D0A91-9B7E-48A8-83AE-A820AA242C23} = {69949FDA-5676-4587-BDCF-5E465131EF03}
		{9B48FE57-915F-4933-9162-C317804CE538} = {339C323E-5C10-4FD3-8AD9-2D1C71E4D76E}
		{994F9D9C-2199-47EE-943D-D20FB4B7545B} = {9B48FE57-915F-4933-9162-C317804CE538}
		{075C6CF2-E5C4-4326-95C9-F9C0A4214EE7} = {9B48FE57-915F-4933-9162-C317804CE538}
	EndGlobalSection
	GlobalSection(ExtensibilityGlobals) = postSolution
		SolutionGuid = {9C8EA84E-0459-4FB1-AFD7-945F4ABB09C3}
	EndGlobalSection
EndGlobal
